{
  "lockfileVersion": 1,
  "configVersion": 0,
  "workspaces": {
    "": {
      "name": "jev-test",
      "dependencies": {
        "@typesafe-ai/sdk": "^0.6.0",
      },
    },
  },
  "packages": {
    "@typesafe-ai/sdk": ["@typesafe-ai/sdk@0.6.0", "", {}, "sha512-IddX+Q0XM+VagOUZFeP7wZjaO4SHMdvnh2zEBdrZZnXedWI3BNK1lKhMx3ayrkFWvVLbVcUHJy6AVZlY+e6Jaw=="],
  }
}
